
Microsoft Visual Studio Solution File, Format Version 12.00
# Visual Studio Version 17
VisualStudioVersion = 17.11.35219.272
MinimumVisualStudioVersion = 10.0.40219.1
Project("{FAE04EC0-301F-11D3-BF4B-00C04F79EFBC}") = "APICatalog", "APICatalog\APICatalog.csproj", "{A950B56D-ACEE-4A24-99BA-8946E79EAEB2}"
EndProject
Global
	GlobalSection(SolutionConfigurationPlatforms) = preSolution
		Debug|Any CPU = Debug|Any CPU
		Release|Any CPU = Release|Any CPU
	EndGlobalSection
	GlobalSection(ProjectConfigurationPlatforms) = postSolution
		{A950B56D-ACEE-4A24-99BA-8946E79EAEB2}.Debug|Any CPU.ActiveCfg = Debug|Any CPU
		{A950B56D-ACEE-4A24-99BA-8946E79EAEB2}.Debug|Any CPU.Build.0 = Debug|Any CPU
		{A950B56D-ACEE-4A24-99BA-8946E79EAEB2}.Release|Any CPU.ActiveCfg = Release|Any CPU
		{A950B56D-ACEE-4A24-99BA-8946E79EAEB2}.Release|Any CPU.Build.0 = Release|Any CPU
	EndGlobalSection
	GlobalSection(SolutionProperties) = preSolution
		HideSolutionNode = FALSE
	EndGlobalSection
	GlobalSection(ExtensibilityGlobals) = postSolution
		SolutionGuid = {423B383E-7255-49B2-85CF-BF0067ED211E}
	EndGlobalSection
EndGlobal
